Microsoft Visual Studio Solution File, Format Version 12.00
# Visual Studio Version 17
VisualStudioVersion = 17.2.32929.388
MinimumVisualStudioVersion = 10.0.40219.1
Project("{9A19103F-16F7-4668-BE54-9A1E7A4F7556}") = "AIStealthOverhaul", "AIStealthOverhaul\AIStealthOverhaul.csproj", "{9ADEAF9F-2BA4-4E42-A2CD-AB805EBD8678}"
EndProject
Project("{2150E333-8FDC-42A3-9474-1A3956D46DE8}") = "Solution Items", "Solution Items", "{EA7DF58A-E049-48A6-8543-9F8B640378E2}"
	ProjectSection(SolutionItems) = preProject
		.editorconfig = .editorconfig
		.gitignore = .gitignore
		LICENSE = LICENSE
		README.md = README.md
	EndProjectSection
EndProject
Project("{2150E333-8FDC-42A3-9474-1A3956D46DE8}") = "github-workflows", "github-workflows", "{070BA202-655F-46D1-A7C5-2401132E4055}"
	ProjectSection(SolutionItems) = preProject
		.github\workflows\GenerateRelease.yaml = .github\workflows\GenerateRelease.yaml
	EndProjectSection
EndProject
Global
	GlobalSection(SolutionConfigurationPlatforms) = preSolution
		Debug|Any CPU = Debug|Any CPU
		Release|Any CPU = Release|Any CPU
	EndGlobalSection
	GlobalSection(ProjectConfigurationPlatforms) = postSolution
		{9ADEAF9F-2BA4-4E42-A2CD-AB805EBD8678}.Debug|Any CPU.ActiveCfg = Debug|Any CPU
		{9ADEAF9F-2BA4-4E42-A2CD-AB805EBD8678}.Debug|Any CPU.Build.0 = Debug|Any CPU
		{9ADEAF9F-2BA4-4E42-A2CD-AB805EBD8678}.Release|Any CPU.ActiveCfg = Release|Any CPU
		{9ADEAF9F-2BA4-4E42-A2CD-AB805EBD8678}.Release|Any CPU.Build.0 = Release|Any CPU
	EndGlobalSection
	GlobalSection(SolutionProperties) = preSolution
		HideSolutionNode = FALSE
	EndGlobalSection
	GlobalSection(NestedProjects) = preSolution
		{070BA202-655F-46D1-A7C5-2401132E4055} = {EA7DF58A-E049-48A6-8543-9F8B640378E2}
	EndGlobalSection
	GlobalSection(ExtensibilityGlobals) = postSolution
		SolutionGuid = {21CF56B0-55C2-457A-8415-9CCF4C6E465C}
	EndGlobalSection
EndGlobal
